
Microsoft Visual Studio Solution File, Format Version 12.00
# Visual Studio Version 16
VisualStudioVersion = 16.0.29519.87
MinimumVisualStudioVersion = 10.0.40219.1
Project("{FAE04EC0-301F-11D3-BF4B-00C04F79EFBC}") = "AutoRunner", "AutoRunner\AutoRunner.csproj", "{94F98EA5-BACE-40D2-A986-86A64216DFA3}"
	ProjectSection(ProjectDependencies) = postProject
		{F508B965-37BC-40DF-9B1A-092E6606EAB3} = {F508B965-37BC-40DF-9B1A-092E6606EAB3}
	EndProjectSection
EndProject
Project("{FAE04EC0-301F-11D3-BF4B-00C04F79EFBC}") = "LibraryOfInterfacesAndClasses", "LibraryOfInterfacesAndClasses\LibraryOfInterfacesAndClasses.csproj", "{F508B965-37BC-40DF-9B1A-092E6606EAB3}"
EndProject
Project("{FAE04EC0-301F-11D3-BF4B-00C04F79EFBC}") = "TaskOfStruct", "TaskOfStruct\TaskOfStruct.csproj", "{902DE6FD-DFE8-43F9-A18A-1EAEA62EF274}"
EndProject
Project("{FAE04EC0-301F-11D3-BF4B-00C04F79EFBC}") = "TaskOfEnum", "TaskOfEnum\TaskOfEnum.csproj", "{3599DD5D-AD8E-4C87-8B50-415D198F7D93}"
EndProject
Project("{FAE04EC0-301F-11D3-BF4B-00C04F79EFBC}") = "TaskOfIOStream", "TaskOfIOStream\TaskOfIOStream.csproj", "{9441B023-7386-4343-955F-C5C8FC8F4277}"
EndProject
Project("{FAE04EC0-301F-11D3-BF4B-00C04F79EFBC}") = "TaskOfException", "TaskOfException\TaskOfException.csproj", "{59A34A07-8F4B-41D8-B724-035D5EE38857}"
EndProject
Project("{FAE04EC0-301F-11D3-BF4B-00C04F79EFBC}") = "Logger", "Logger\Logger.csproj", "{57B13D1D-FE03-4BDF-BD0E-B441E1FF4CFB}"
EndProject
Project("{FAE04EC0-301F-11D3-BF4B-00C04F79EFBC}") = "TaskOfSerializations", "TaskOfSerealizations\TaskOfSerializations.csproj", "{BE9CBB57-9230-4151-8CEF-1D7BE4B64DE6}"
EndProject
Project("{FAE04EC0-301F-11D3-BF4B-00C04F79EFBC}") = "TaskOfReflection", "TaskOfReflection\TaskOfReflection.csproj", "{42F1611C-5DEC-4913-AFAD-4780599E9E2E}"
EndProject
Project("{FAE04EC0-301F-11D3-BF4B-00C04F79EFBC}") = "TaskOfStyleCop", "TaskOfStyleCop\TaskOfStyleCop.csproj", "{13BD849C-4849-40C4-A6C3-5E374C04A7A3}"
EndProject
Project("{FAE04EC0-301F-11D3-BF4B-00C04F79EFBC}") = "TaskWithExcel(Variant1)", "AdditionalTaskWithExcel\TaskWithExcel(Variant1).csproj", "{EBB7B5C1-3B94-429E-8680-76C012748E12}"
EndProject
Project("{FAE04EC0-301F-11D3-BF4B-00C04F79EFBC}") = "TaskWithDirectories(Variant2)", "TaskWithDirectories\TaskWithDirectories(Variant2).csproj", "{C30361B7-08EE-4E27-A812-D6D99689BE3E}"
EndProject
Project("{FAE04EC0-301F-11D3-BF4B-00C04F79EFBC}") = "TaskOfThreading", "TaskOfThreading\TaskOfThreading.csproj", "{F7ABDCA0-FCB2-44DE-8BA3-CBE82C3167FF}"
EndProject
Global
	GlobalSection(SolutionConfigurationPlatforms) = preSolution
		Debug|Any CPU = Debug|Any CPU
		Release|Any CPU = Release|Any CPU
	EndGlobalSection
	GlobalSection(ProjectConfigurationPlatforms) = postSolution
		{94F98EA5-BACE-40D2-A986-86A64216DFA3}.Debug|Any CPU.ActiveCfg = Debug|Any CPU
		{94F98EA5-BACE-40D2-A986-86A64216DFA3}.Debug|Any CPU.Build.0 = Debug|Any CPU
		{94F98EA5-BACE-40D2-A986-86A64216DFA3}.Release|Any CPU.ActiveCfg = Release|Any CPU
		{94F98EA5-BACE-40D2-A986-86A64216DFA3}.Release|Any CPU.Build.0 = Release|Any CPU
		{F508B965-37BC-40DF-9B1A-092E6606EAB3}.Debug|Any CPU.ActiveCfg = Debug|Any CPU
		{F508B965-37BC-40DF-9B1A-092E6606EAB3}.Debug|Any CPU.Build.0 = Debug|Any CPU
		{F508B965-37BC-40DF-9B1A-092E6606EAB3}.Release|Any CPU.ActiveCfg = Release|Any CPU
		{F508B965-37BC-40DF-9B1A-092E6606EAB3}.Release|Any CPU.Build.0 = Release|Any CPU
		{902DE6FD-DFE8-43F9-A18A-1EAEA62EF274}.Debug|Any CPU.ActiveCfg = Debug|Any CPU
		{902DE6FD-DFE8-43F9-A18A-1EAEA62EF274}.Debug|Any CPU.Build.0 = Debug|Any CPU
		{902DE6FD-DFE8-43F9-A18A-1EAEA62EF274}.Release|Any CPU.ActiveCfg = Release|Any CPU
		{902DE6FD-DFE8-43F9-A18A-1EAEA62EF274}.Release|Any CPU.Build.0 = Release|Any CPU
		{3599DD5D-AD8E-4C87-8B50-415D198F7D93}.Debug|Any CPU.ActiveCfg = Debug|Any CPU
		{3599DD5D-AD8E-4C87-8B50-415D198F7D93}.Debug|Any CPU.Build.0 = Debug|Any CPU
		{3599DD5D-AD8E-4C87-8B50-415D198F7D93}.Release|Any CPU.ActiveCfg = Release|Any CPU
		{3599DD5D-AD8E-4C87-8B50-415D198F7D93}.Release|Any CPU.Build.0 = Release|Any CPU
		{9441B023-7386-4343-955F-C5C8FC8F4277}.Debug|Any CPU.ActiveCfg = Debug|Any CPU
		{9441B023-7386-4343-955F-C5C8FC8F4277}.Debug|Any CPU.Build.0 = Debug|Any CPU
		{9441B023-7386-4343-955F-C5C8FC8F4277}.Release|Any CPU.ActiveCfg = Release|Any CPU
		{9441B023-7386-4343-955F-C5C8FC8F4277}.Release|Any CPU.Build.0 = Release|Any CPU
		{59A34A07-8F4B-41D8-B724-035D5EE38857}.Debug|Any CPU.ActiveCfg = Debug|Any CPU
		{59A34A07-8F4B-41D8-B724-035D5EE38857}.Debug|Any CPU.Build.0 = Debug|Any CPU
		{59A34A07-8F4B-41D8-B724-035D5EE38857}.Release|Any CPU.ActiveCfg = Release|Any CPU
		{59A34A07-8F4B-41D8-B724-035D5EE38857}.Release|Any CPU.Build.0 = Release|Any CPU
		{57B13D1D-FE03-4BDF-BD0E-B441E1FF4CFB}.Debug|Any CPU.ActiveCfg = Debug|Any CPU
		{57B13D1D-FE03-4BDF-BD0E-B441E1FF4CFB}.Debug|Any CPU.Build.0 = Debug|Any CPU
		{57B13D1D-FE03-4BDF-BD0E-B441E1FF4CFB}.Release|Any CPU.ActiveCfg = Release|Any CPU
		{57B13D1D-FE03-4BDF-BD0E-B441E1FF4CFB}.Release|Any CPU.Build.0 = Release|Any CPU
		{BE9CBB57-9230-4151-8CEF-1D7BE4B64DE6}.Debug|Any CPU.ActiveCfg = Debug|Any CPU
		{BE9CBB57-9230-4151-8CEF-1D7BE4B64DE6}.Debug|Any CPU.Build.0 = Debug|Any CPU
		{BE9CBB57-9230-4151-8CEF-1D7BE4B64DE6}.Release|Any CPU.ActiveCfg = Release|Any CPU
		{BE9CBB57-9230-4151-8CEF-1D7BE4B64DE6}.Release|Any CPU.Build.0 = Release|Any CPU
		{42F1611C-5DEC-4913-AFAD-4780599E9E2E}.Debug|Any CPU.ActiveCfg = Debug|Any CPU
		{42F1611C-5DEC-4913-AFAD-4780599E9E2E}.Debug|Any CPU.Build.0 = Debug|Any CPU
		{42F1611C-5DEC-4913-AFAD-4780599E9E2E}.Release|Any CPU.ActiveCfg = Release|Any CPU
		{42F1611C-5DEC-4913-AFAD-4780599E9E2E}.Release|Any CPU.Build.0 = Release|Any CPU
		{13BD849C-4849-40C4-A6C3-5E374C04A7A3}.Debug|Any CPU.ActiveCfg = Debug|Any CPU
		{13BD849C-4849-40C4-A6C3-5E374C04A7A3}.Debug|Any CPU.Build.0 = Debug|Any CPU
		{13BD849C-4849-40C4-A6C3-5E374C04A7A3}.Release|Any CPU.ActiveCfg = Release|Any CPU
		{13BD849C-4849-40C4-A6C3-5E374C04A7A3}.Release|Any CPU.Build.0 = Release|Any CPU
		{EBB7B5C1-3B94-429E-8680-76C012748E12}.Debug|Any CPU.ActiveCfg = Debug|Any CPU
		{EBB7B5C1-3B94-429E-8680-76C012748E12}.Debug|Any CPU.Build.0 = Debug|Any CPU
		{EBB7B5C1-3B94-429E-8680-76C012748E12}.Release|Any CPU.ActiveCfg = Release|Any CPU
		{EBB7B5C1-3B94-429E-8680-76C012748E12}.Release|Any CPU.Build.0 = Release|Any CPU
		{C30361B7-08EE-4E27-A812-D6D99689BE3E}.Debug|Any CPU.ActiveCfg = Debug|Any CPU
		{C30361B7-08EE-4E27-A812-D6D99689BE3E}.Debug|Any CPU.Build.0 = Debug|Any CPU
		{C30361B7-08EE-4E27-A812-D6D99689BE3E}.Release|Any CPU.ActiveCfg = Release|Any CPU
		{C30361B7-08EE-4E27-A812-D6D99689BE3E}.Release|Any CPU.Build.0 = Release|Any CPU
		{F7ABDCA0-FCB2-44DE-8BA3-CBE82C3167FF}.Debug|Any CPU.ActiveCfg = Debug|Any CPU
		{F7ABDCA0-FCB2-44DE-8BA3-CBE82C3167FF}.Debug|Any CPU.Build.0 = Debug|Any CPU
		{F7ABDCA0-FCB2-44DE-8BA3-CBE82C3167FF}.Release|Any CPU.ActiveCfg = Release|Any CPU
		{F7ABDCA0-FCB2-44DE-8BA3-CBE82C3167FF}.Release|Any CPU.Build.0 = Release|Any CPU
	EndGlobalSection
	GlobalSection(SolutionProperties) = preSolution
		HideSolutionNode = FALSE
	EndGlobalSection
	GlobalSection(ExtensibilityGlobals) = postSolution
		SolutionGuid = {066630FC-78DA-4A0F-9B53-DE1CB76996AC}
	EndGlobalSection
EndGlobal
